PODS:
  - CocoaAsyncSocket (7.6.5)

DEPENDENCIES:
  - CocoaAsyncSocket (from `../../CocoaAsyncSocket.podspec`)

EXTERNAL SOURCES:
  CocoaAsyncSocket:
    :path: "../../CocoaAsyncSocket.podspec"

SPEC CHECKSUMS:
  CocoaAsyncSocket: 065fd1e645c7abab64f7a6a2007a48038fdc6a99

PODFILE CHECKSUM: 128a6f9c255c4381810ba8918403485ac4fc8c57

COCOAPODS: 1.11.2
